
Microsoft Visual Studio Solution File, Format Version 12.00
# Visual Studio 15
VisualStudioVersion = 15.0.27703.1
MinimumVisualStudioVersion = 10.0.40219.1
Project("{9A19103F-16F7-4668-BE54-9A1E7A4F7556}") = "NetCoreMvc.Common", "NetCoreMvc.Common\NetCoreMvc.Common.csproj", "{8E96919B-826B-417A-9CF7-4504DF516858}"
EndProject
Project("{9A19103F-16F7-4668-BE54-9A1E7A4F7556}") = "NetCoreMvc.Model", "NetCoreMvc.Data\NetCoreMvc.Model.csproj", "{25ABB6DB-8858-4D23-A45A-F7DD5BB74879}"
EndProject
Project("{9A19103F-16F7-4668-BE54-9A1E7A4F7556}") = "NetCoreMvc.Business", "NetCoreMvc.Business\NetCoreMvc.Business.csproj", "{7F6736D6-311F-4E8B-8BF2-09EF3C1ECD37}"
EndProject
Project("{9A19103F-16F7-4668-BE54-9A1E7A4F7556}") = "NetCoreMvc.Test", "NetCoreMvc.Test\NetCoreMvc.Test.csproj", "{2082D013-AD4D-4550-B7D4-711BAFE9558E}"
EndProject
Project("{9A19103F-16F7-4668-BE54-9A1E7A4F7556}") = "NetCoreMvc.Web", "NetCoreMvc.Web\NetCoreMvc.Web.csproj", "{B4946EAD-EFF5-4496-ACF8-4A14C66A4A35}"
EndProject
Global
	GlobalSection(SolutionConfigurationPlatforms) = preSolution
		Debug|Any CPU = Debug|Any CPU
		Release|Any CPU = Release|Any CPU
	EndGlobalSection
	GlobalSection(ProjectConfigurationPlatforms) = postSolution
		{8E96919B-826B-417A-9CF7-4504DF516858}.Debug|Any CPU.ActiveCfg = Debug|Any CPU
		{8E96919B-826B-417A-9CF7-4504DF516858}.Debug|Any CPU.Build.0 = Debug|Any CPU
		{8E96919B-826B-417A-9CF7-4504DF516858}.Release|Any CPU.ActiveCfg = Release|Any CPU
		{8E96919B-826B-417A-9CF7-4504DF516858}.Release|Any CPU.Build.0 = Release|Any CPU
		{25ABB6DB-8858-4D23-A45A-F7DD5BB74879}.Debug|Any CPU.ActiveCfg = Debug|Any CPU
		{25ABB6DB-8858-4D23-A45A-F7DD5BB74879}.Debug|Any CPU.Build.0 = Debug|Any CPU
		{25ABB6DB-8858-4D23-A45A-F7DD5BB74879}.Release|Any CPU.ActiveCfg = Release|Any CPU
		{25ABB6DB-8858-4D23-A45A-F7DD5BB74879}.Release|Any CPU.Build.0 = Release|Any CPU
		{7F6736D6-311F-4E8B-8BF2-09EF3C1ECD37}.Debug|Any CPU.ActiveCfg = Debug|Any CPU
		{7F6736D6-311F-4E8B-8BF2-09EF3C1ECD37}.Debug|Any CPU.Build.0 = Debug|Any CPU
		{7F6736D6-311F-4E8B-8BF2-09EF3C1ECD37}.Release|Any CPU.ActiveCfg = Release|Any CPU
		{7F6736D6-311F-4E8B-8BF2-09EF3C1ECD37}.Release|Any CPU.Build.0 = Release|Any CPU
		{2082D013-AD4D-4550-B7D4-711BAFE9558E}.Debug|Any CPU.ActiveCfg = Debug|Any CPU
		{2082D013-AD4D-4550-B7D4-711BAFE9558E}.Debug|Any CPU.Build.0 = Debug|Any CPU
		{2082D013-AD4D-4550-B7D4-711BAFE9558E}.Release|Any CPU.ActiveCfg = Release|Any CPU
		{2082D013-AD4D-4550-B7D4-711BAFE9558E}.Release|Any CPU.Build.0 = Release|Any CPU
		{B4946EAD-EFF5-4496-ACF8-4A14C66A4A35}.Debug|Any CPU.ActiveCfg = Debug|Any CPU
		{B4946EAD-EFF5-4496-ACF8-4A14C66A4A35}.Debug|Any CPU.Build.0 = Debug|Any CPU
		{B4946EAD-EFF5-4496-ACF8-4A14C66A4A35}.Release|Any CPU.ActiveCfg = Release|Any CPU
		{B4946EAD-EFF5-4496-ACF8-4A14C66A4A35}.Release|Any CPU.Build.0 = Release|Any CPU
	EndGlobalSection
	GlobalSection(SolutionProperties) = preSolution
		HideSolutionNode = FALSE
	EndGlobalSection
	GlobalSection(ExtensibilityGlobals) = postSolution
		SolutionGuid = {6FC0507F-9397-40A7-9746-5CD2B80BF8E2}
	EndGlobalSection
EndGlobal
